
Microsoft Visual Studio Solution File, Format Version 12.00
# Visual Studio 15
VisualStudioVersion = 15.0.26430.4
MinimumVisualStudioVersion = 10.0.40219.1
Project("{FAE04EC0-301F-11D3-BF4B-00C04F79EFBC}") = "CreateBit", "CreateBit\CreateBit.csproj", "{D238BB01-6255-4251-BF77-1864237F4CB7}"
EndProject
Project("{FAE04EC0-301F-11D3-BF4B-00C04F79EFBC}") = "NodeExercise", "Node\NodeExercise.csproj", "{19A357E4-A011-43BE-B33E-3D7F04A11581}"
EndProject
Project("{FAE04EC0-301F-11D3-BF4B-00C04F79EFBC}") = "MyList", "MyList\MyList.csproj", "{AE75C5B8-C047-433E-919A-381B4D0B009F}"
EndProject
Project("{FAE04EC0-301F-11D3-BF4B-00C04F79EFBC}") = "Exercise", "Exercise\Exercise.csproj", "{D1CE8343-BF99-423B-8A1F-EAB132B839AA}"
EndProject
Global
	GlobalSection(SolutionConfigurationPlatforms) = preSolution
		Debug|Any CPU = Debug|Any CPU
		Release|Any CPU = Release|Any CPU
	EndGlobalSection
	GlobalSection(ProjectConfigurationPlatforms) = postSolution
		{D238BB01-6255-4251-BF77-1864237F4CB7}.Debug|Any CPU.ActiveCfg = Debug|Any CPU
		{D238BB01-6255-4251-BF77-1864237F4CB7}.Debug|Any CPU.Build.0 = Debug|Any CPU
		{D238BB01-6255-4251-BF77-1864237F4CB7}.Release|Any CPU.ActiveCfg = Release|Any CPU
		{D238BB01-6255-4251-BF77-1864237F4CB7}.Release|Any CPU.Build.0 = Release|Any CPU
		{19A357E4-A011-43BE-B33E-3D7F04A11581}.Debug|Any CPU.ActiveCfg = Debug|Any CPU
		{19A357E4-A011-43BE-B33E-3D7F04A11581}.Debug|Any CPU.Build.0 = Debug|Any CPU
		{19A357E4-A011-43BE-B33E-3D7F04A11581}.Release|Any CPU.ActiveCfg = Release|Any CPU
		{19A357E4-A011-43BE-B33E-3D7F04A11581}.Release|Any CPU.Build.0 = Release|Any CPU
		{AE75C5B8-C047-433E-919A-381B4D0B009F}.Debug|Any CPU.ActiveCfg = Debug|Any CPU
		{AE75C5B8-C047-433E-919A-381B4D0B009F}.Debug|Any CPU.Build.0 = Debug|Any CPU
		{AE75C5B8-C047-433E-919A-381B4D0B009F}.Release|Any CPU.ActiveCfg = Release|Any CPU
		{AE75C5B8-C047-433E-919A-381B4D0B009F}.Release|Any CPU.Build.0 = Release|Any CPU
		{D1CE8343-BF99-423B-8A1F-EAB132B839AA}.Debug|Any CPU.ActiveCfg = Debug|Any CPU
		{D1CE8343-BF99-423B-8A1F-EAB132B839AA}.Debug|Any CPU.Build.0 = Debug|Any CPU
		{D1CE8343-BF99-423B-8A1F-EAB132B839AA}.Release|Any CPU.ActiveCfg = Release|Any CPU
		{D1CE8343-BF99-423B-8A1F-EAB132B839AA}.Release|Any CPU.Build.0 = Release|Any CPU
	EndGlobalSection
	GlobalSection(SolutionProperties) = preSolution
		HideSolutionNode = FALSE
	EndGlobalSection
EndGlobal
